{
  "name": "neu",
  "version": "1.0.0",
  "lockfileVersion": 1,
  "requires": true,
  "dependencies": {
    "@types/pixi.js": {
      "version": "4.8.7",
      "resolved": "https://registry.npmjs.org/@types/pixi.js/-/pixi.js-4.8.7.tgz",
      "integrity": "sha512-SuaeAVDWNbvVzg+ipVrNzVxMDZHaa/MRNT/+Y270sYp/qxfB31KC1wEt7KDVNq9Ac/pRdSDrxVDcLDUaYn0aVg=="
    },
    "pixi-layers": {
      "version": "0.1.10",
      "resolved": "https://registry.npmjs.org/pixi-layers/-/pixi-layers-0.1.10.tgz",
      "integrity": "sha512-isK7wss3Vg7IMrUieZhstjp8r1Ynk9HJVgc1Tz/TGnMRN0LN5APiUCeLrsFvaodfbVxCQ/4YRm56gW0jaeEoig==",
      "requires": {
        "@types/pixi.js": "^4.7.1"
      }
    }
  }
}
